<?xml version="1.0" encoding="utf-8"?>
<Project ToolsVersion="4.0" xmlns="http://schemas.microsoft.com/developer/msbuild/2003">
  <ItemGroup>
    <ClCompile Include="source\common\dag_threaded\dag_threaded_collection.cpp">
      <Filter>souce\common\dag_threaded</Filter>
    </ClCompile>
    <ClCompile Include="source\common\common_pch.cpp">
      <Filter>souce\common</Filter>
    </ClCompile>
    <ClCompile Include="source\common\platform.cpp">
      <Filter>souce\common</Filter>
    </ClCompile>
    <ClCompile Include="source\common\dag_threaded\i_dag_threaded_node.cpp">
      <Filter>souce\common\dag_threaded</Filter>
    </ClCompile>
    <ClCompile Include="source\common\dag_threaded\dag_threaded_calculate.cpp">
      <Filter>souce\common\dag_threaded</Filter>
    </ClCompile>
    <ClCompile Include="source\common\dag_threaded\i_dag_threaded_value.cpp">
      <Filter>souce\common\dag_threaded</Filter>
    </ClCompile>
    <ClCompile Include="source\common\dag_threaded\dag_threaded_variable.cpp">
      <Filter>souce\common\dag_threaded</Filter>
    </ClCompile>
    <ClCompile Include="source\common\dag_threaded\dag_threaded_value.cpp">
      <Filter>souce\common\dag_threaded</Filter>
    </ClCompile>
    <ClCompile Include="source\common\util\utf8.cpp">
      <Filter>souce\common\util</Filter>
    </ClCompile>
    <ClCompile Include="source\common\util\command_line.cpp">
      <Filter>souce\common\util</Filter>
    </ClCompile>
    <ClCompile Include="source\common\log\log.cpp">
      <Filter>souce\common\log</Filter>
    </ClCompile>
    <ClCompile Include="source\common\log\log_enum.cpp">
      <Filter>souce\common\log</Filter>
    </ClCompile>
    <ClCompile Include="source\common\worker\worker_task.cpp">
      <Filter>souce\common\worker</Filter>
    </ClCompile>
    <ClCompile Include="source\common\log\i_log_consumer.cpp">
      <Filter>souce\common\log</Filter>
    </ClCompile>
    <ClCompile Include="source\common\log\log_consumer_console.cpp">
      <Filter>souce\common\log</Filter>
    </ClCompile>
    <ClCompile Include="source\common\log\log_consumer_write_to_file.cpp">
      <Filter>souce\common\log</Filter>
    </ClCompile>
    <ClCompile Include="source\common\log\log_consumer_output_debug_string.cpp">
      <Filter>souce\common\log</Filter>
    </ClCompile>
  </ItemGroup>
  <ItemGroup>
    <ClInclude Include="include\common\dag_threaded\dag_threaded_collection.h">
      <Filter>include\common\dag_threaded</Filter>
    </ClInclude>
    <ClInclude Include="source\common\common_pch.h">
      <Filter>souce\common</Filter>
    </ClInclude>
    <ClInclude Include="include\common\common.h">
      <Filter>include\common</Filter>
    </ClInclude>
    <ClInclude Include="include\common\platform.h">
      <Filter>include\common</Filter>
    </ClInclude>
    <ClInclude Include="include\common\macro.h">
      <Filter>include\common</Filter>
    </ClInclude>
    <ClInclude Include="source\common\dag_threaded\i_dag_threaded_node.h">
      <Filter>souce\common\dag_threaded</Filter>
    </ClInclude>
    <ClInclude Include="source\common\dag_threaded\dag_threaded_calculate.h">
      <Filter>souce\common\dag_threaded</Filter>
    </ClInclude>
    <ClInclude Include="source\common\dag_threaded\dag_threaded_variable.h">
      <Filter>souce\common\dag_threaded</Filter>
    </ClInclude>
    <ClInclude Include="include\common\dag_threaded\i_dag_threaded_value.h">
      <Filter>include\common\dag_threaded</Filter>
    </ClInclude>
    <ClInclude Include="include\common\dag_threaded\dag_threaded.h">
      <Filter>include\common\dag_threaded</Filter>
    </ClInclude>
    <ClInclude Include="source\common\dag_threaded\dag_threaded_value.h">
      <Filter>souce\common\dag_threaded</Filter>
    </ClInclude>
    <ClInclude Include="include\common\dag_threaded\dag_threaded_helper.h">
      <Filter>include\common\dag_threaded</Filter>
    </ClInclude>
    <ClInclude Include="include\common\util\utf8.h">
      <Filter>include\common\util</Filter>
    </ClInclude>
    <ClInclude Include="include\common\util\command_line.h">
      <Filter>include\common\util</Filter>
    </ClInclude>
    <ClInclude Include="include\common\log\log.h">
      <Filter>include\common\log</Filter>
    </ClInclude>
    <ClInclude Include="include\common\log\log_enum.h">
      <Filter>include\common\log</Filter>
    </ClInclude>
    <ClInclude Include="include\common\worker\worker_task.h">
      <Filter>include\common\worker</Filter>
    </ClInclude>
    <ClInclude Include="source\common\log\i_log_consumer.h">
      <Filter>souce\common\log</Filter>
    </ClInclude>
    <ClInclude Include="source\common\log\log_consumer_console.h">
      <Filter>souce\common\log</Filter>
    </ClInclude>
    <ClInclude Include="source\common\log\log_consumer_write_to_file.h">
      <Filter>souce\common\log</Filter>
    </ClInclude>
    <ClInclude Include="source\common\log\log_consumer_output_debug_string.h">
      <Filter>souce\common\log</Filter>
    </ClInclude>
  </ItemGroup>
  <ItemGroup>
    <Filter Include="souce">
      <UniqueIdentifier>{3f2b52a2-3564-433a-99d0-aebceeca2003}</UniqueIdentifier>
    </Filter>
    <Filter Include="souce\common">
      <UniqueIdentifier>{66487263-154c-46d3-9252-7dd8e90ddccd}</UniqueIdentifier>
    </Filter>
    <Filter Include="souce\common\dag_threaded">
      <UniqueIdentifier>{8675f3fd-2713-475b-87e6-a4996d1f1e15}</UniqueIdentifier>
    </Filter>
    <Filter Include="props">
      <UniqueIdentifier>{fd8283c2-2d3b-4ebd-8a47-48da937382ee}</UniqueIdentifier>
    </Filter>
    <Filter Include="include">
      <UniqueIdentifier>{f5ac17de-530c-4479-9e0d-3925e5e37f33}</UniqueIdentifier>
    </Filter>
    <Filter Include="include\common">
      <UniqueIdentifier>{8df0200f-419f-4049-a30a-59b591fd2d02}</UniqueIdentifier>
    </Filter>
    <Filter Include="include\common\dag_threaded">
      <UniqueIdentifier>{15396a69-74b3-45ba-889a-b56cf99f64d6}</UniqueIdentifier>
    </Filter>
    <Filter Include="souce\common\util">
      <UniqueIdentifier>{b4c697ce-4861-4158-a8b0-4fbb4939c1d1}</UniqueIdentifier>
    </Filter>
    <Filter Include="include\common\util">
      <UniqueIdentifier>{3b4a41bd-daee-4f92-ae08-61200815ea79}</UniqueIdentifier>
    </Filter>
    <Filter Include="include\common\log">
      <UniqueIdentifier>{3db2a7f5-3cf6-4007-8037-38ad5468bf1b}</UniqueIdentifier>
    </Filter>
    <Filter Include="souce\common\log">
      <UniqueIdentifier>{e484b86d-8ab2-4874-bc0a-497fbf83c124}</UniqueIdentifier>
    </Filter>
    <Filter Include="souce\common\worker">
      <UniqueIdentifier>{b8d05727-4158-4b45-b449-ae6f3ec9c591}</UniqueIdentifier>
    </Filter>
    <Filter Include="include\common\worker">
      <UniqueIdentifier>{34d3dd85-c34c-4a45-ac7b-a778497ba488}</UniqueIdentifier>
    </Filter>
  </ItemGroup>
  <ItemGroup>
    <None Include="props\common.props">
      <Filter>props</Filter>
    </None>
  </ItemGroup>
</Project>