<?xml version="1.0" encoding="utf-8"?>
<Project ToolsVersion="4.0" xmlns="http://schemas.microsoft.com/developer/msbuild/2003">
  <ItemGroup>
    <Filter Include="props">
      <UniqueIdentifier>{b8495a78-76c3-4960-9723-1c9713c1c4b9}</UniqueIdentifier>
    </Filter>
    <Filter Include="resources">
      <UniqueIdentifier>{a217fd68-01c9-41ae-8acd-36897b45e594}</UniqueIdentifier>
    </Filter>
    <Filter Include="script">
      <UniqueIdentifier>{251025ba-0929-4245-84c8-de481526a6b5}</UniqueIdentifier>
    </Filter>
    <Filter Include="source">
      <UniqueIdentifier>{e51b3a04-7e10-40dc-8f83-928a5c99f307}</UniqueIdentifier>
    </Filter>
    <Filter Include="task">
      <UniqueIdentifier>{6bd0fbb0-d0c0-4368-ba39-02b3f630d11a}</UniqueIdentifier>
    </Filter>
    <Filter Include="task\empty">
      <UniqueIdentifier>{8bb9a223-423f-43ba-a030-ccd65706e6ec}</UniqueIdentifier>
    </Filter>
    <Filter Include="source\window_application">
      <UniqueIdentifier>{f75a4d2e-bc3e-4077-8d98-645bdfb98b59}</UniqueIdentifier>
    </Filter>
    <Filter Include="task\test_triangle">
      <UniqueIdentifier>{69427d29-458e-43c8-959d-57464f197fb8}</UniqueIdentifier>
    </Filter>
    <Filter Include="task\test_line">
      <UniqueIdentifier>{2f7311bd-8b95-4e8c-9d01-f2f48f5ac3bd}</UniqueIdentifier>
    </Filter>
    <Filter Include="task\multi_line">
      <UniqueIdentifier>{678648ac-ad02-4fd3-81c3-4faf5d339018}</UniqueIdentifier>
    </Filter>
    <Filter Include="task\multi_line_compute">
      <UniqueIdentifier>{e27b3c0f-3df9-409d-971b-3f5186d7dcb4}</UniqueIdentifier>
    </Filter>
    <Filter Include="task\test_compute">
      <UniqueIdentifier>{a4a95af2-4203-4a67-9f40-ab6a2ba39535}</UniqueIdentifier>
    </Filter>
    <Filter Include="source\scene_component">
      <UniqueIdentifier>{62dc5cd4-92f5-4417-8e93-011b4a1a7f6a}</UniqueIdentifier>
    </Filter>
    <Filter Include="shader">
      <UniqueIdentifier>{89986356-d54d-46fd-8aad-db662b473e74}</UniqueIdentifier>
    </Filter>
    <Filter Include="task\test_text">
      <UniqueIdentifier>{d2934bc2-9912-458b-9257-29b460a5c947}</UniqueIdentifier>
    </Filter>
    <Filter Include="data">
      <UniqueIdentifier>{b84ab994-3665-4516-8f32-b500758322b6}</UniqueIdentifier>
    </Filter>
    <Filter Include="task\test_coord">
      <UniqueIdentifier>{09b591cb-6fc1-4e89-8ec9-f358f2662188}</UniqueIdentifier>
    </Filter>
  </ItemGroup>
  <ItemGroup>
    <None Include="Script\util_make_host_define.cmd">
      <Filter>script</Filter>
    </None>
    <None Include="Script\util_make_resource.cmd">
      <Filter>script</Filter>
    </None>
    <None Include="Script\util_search_replace.cmd">
      <Filter>script</Filter>
    </None>
    <None Include="Script\prebuild.cmd">
      <Filter>script</Filter>
    </None>
    <None Include="Script\replace_if_different.ps1">
      <Filter>script</Filter>
    </None>
    <None Include="props\application.props">
      <Filter>props</Filter>
    </None>
    <None Include="resources\application.rc.template">
      <Filter>resources</Filter>
    </None>
    <None Include=".gitignore" />
    <None Include="task\test_line\polar.hlsli">
      <Filter>task\test_line</Filter>
    </None>
    <None Include="task\multi_line\interpolant.hlsli">
      <Filter>task\multi_line</Filter>
    </None>
    <None Include="task\multi_line\polar.hlsli">
      <Filter>task\multi_line</Filter>
    </None>
    <None Include="task\multi_line\multi_line_interpolant.hlsli">
      <Filter>task\multi_line</Filter>
    </None>
    <None Include="task\test_compute\present_interpolant.hlsli">
      <Filter>task\test_compute</Filter>
    </None>
    <None Include="task\multi_line_compute\multi_line_interpolant.hlsli">
      <Filter>task\multi_line_compute</Filter>
    </None>
    <None Include="shader\polar.hlsli">
      <Filter>shader</Filter>
    </None>
    <None Include="shader\ray_ray.hlsli">
      <Filter>shader</Filter>
    </None>
    <None Include="shader\screen_quad_interpolant.hlsli">
      <Filter>shader</Filter>
    </None>
    <None Include="shader\polar_util.hlsli">
      <Filter>shader</Filter>
    </None>
    <None Include="task\test_text\text_interpolant.hlsli">
      <Filter>task\test_text</Filter>
    </None>
    <None Include="task\test_text\background_interpolant.hlsli">
      <Filter>task\test_text</Filter>
    </None>
    <None Include="shader\text_interpolant.hlsli">
      <Filter>shader</Filter>
    </None>
    <None Include="shader\ui_block_interpolant.hlsli">
      <Filter>shader</Filter>
    </None>
    <None Include="task\test_coord\triangle_interpolant.hlsli">
      <Filter>task\test_coord</Filter>
    </None>
    <None Include="task\test_coord\present_interpolant.hlsli">
      <Filter>task\test_coord</Filter>
    </None>
  </ItemGroup>
  <ItemGroup>
    <ClCompile Include="Source\Build.cpp">
      <Filter>source</Filter>
    </ClCompile>
    <ClCompile Include="Source\Main.cpp">
      <Filter>source</Filter>
    </ClCompile>
    <ClCompile Include="source\application_pch.cpp">
      <Filter>source</Filter>
    </ClCompile>
    <ClCompile Include="source\window_application\application_test_line.cpp">
      <Filter>source\window_application</Filter>
    </ClCompile>
    <ClCompile Include="source\window_application\application_test_triangle.cpp">
      <Filter>source\window_application</Filter>
    </ClCompile>
    <ClCompile Include="source\window_application\application_multi_line.cpp">
      <Filter>source\window_application</Filter>
    </ClCompile>
    <ClCompile Include="source\window_application\application_multi_line_compute.cpp">
      <Filter>source\window_application</Filter>
    </ClCompile>
    <ClCompile Include="source\window_application\application_test_compute.cpp">
      <Filter>source\window_application</Filter>
    </ClCompile>
    <ClCompile Include="source\scene_component\scene_component_background.cpp">
      <Filter>source\scene_component</Filter>
    </ClCompile>
    <ClCompile Include="source\scene_component\scene_component_camera_ray.cpp">
      <Filter>source\scene_component</Filter>
    </ClCompile>
    <ClCompile Include="source\scene_component\scene_component_screen_quad.cpp">
      <Filter>source\scene_component</Filter>
    </ClCompile>
    <ClCompile Include="source\window_application\application_test_text.cpp">
      <Filter>source\window_application</Filter>
    </ClCompile>
    <ClCompile Include="source\window_application\application_test_coord.cpp">
      <Filter>source\window_application</Filter>
    </ClCompile>
  </ItemGroup>
  <ItemGroup>
    <ClInclude Include="Source\Build.h">
      <Filter>source</Filter>
    </ClInclude>
    <ClInclude Include="Resources\resource.h">
      <Filter>resources</Filter>
    </ClInclude>
    <ClInclude Include="source\application_pch.h">
      <Filter>source</Filter>
    </ClInclude>
    <ClInclude Include="source\host_define.h">
      <Filter>source</Filter>
    </ClInclude>
    <ClInclude Include="source\window_application\application_test_line.h">
      <Filter>source\window_application</Filter>
    </ClInclude>
    <ClInclude Include="source\window_application\application_test_triangle.h">
      <Filter>source\window_application</Filter>
    </ClInclude>
    <ClInclude Include="source\window_application\application_multi_line.h">
      <Filter>source\window_application</Filter>
    </ClInclude>
    <ClInclude Include="source\window_application\application_multi_line_compute.h">
      <Filter>source\window_application</Filter>
    </ClInclude>
    <ClInclude Include="source\window_application\application_test_compute.h">
      <Filter>source\window_application</Filter>
    </ClInclude>
    <ClInclude Include="source\scene_component\scene_component_background.h">
      <Filter>source\scene_component</Filter>
    </ClInclude>
    <ClInclude Include="source\scene_component\scene_component_camera_ray.h">
      <Filter>source\scene_component</Filter>
    </ClInclude>
    <ClInclude Include="source\scene_component\scene_component_screen_quad.h">
      <Filter>source\scene_component</Filter>
    </ClInclude>
    <ClInclude Include="source\window_application\application_test_text.h">
      <Filter>source\window_application</Filter>
    </ClInclude>
    <ClInclude Include="source\window_application\application_test_coord.h">
      <Filter>source\window_application</Filter>
    </ClInclude>
  </ItemGroup>
  <ItemGroup>
    <Image Include="Resources\cut.ico">
      <Filter>resources</Filter>
    </Image>
  </ItemGroup>
  <ItemGroup>
    <ResourceCompile Include="resources\application.rc">
      <Filter>resources</Filter>
    </ResourceCompile>
  </ItemGroup>
  <ItemGroup>
    <CopyFileToFolders Include="task\empty\application.json">
      <Filter>task\empty</Filter>
    </CopyFileToFolders>
    <CopyFileToFolders Include="task\test_triangle\application.json">
      <Filter>task\test_triangle</Filter>
    </CopyFileToFolders>
    <CopyFileToFolders Include="task\test_line\application.json">
      <Filter>task\test_line</Filter>
    </CopyFileToFolders>
    <CopyFileToFolders Include="task\multi_line\application.json">
      <Filter>task\multi_line</Filter>
    </CopyFileToFolders>
    <CopyFileToFolders Include="task\multi_line_compute\application.json">
      <Filter>task\multi_line_compute</Filter>
    </CopyFileToFolders>
    <CopyFileToFolders Include="task\test_compute\application.json">
      <Filter>task\test_compute</Filter>
    </CopyFileToFolders>
    <CopyFileToFolders Include="task\test_text\application.json">
      <Filter>task\test_text</Filter>
    </CopyFileToFolders>
    <CopyFileToFolders Include="data\open_sans.ttf">
      <Filter>data</Filter>
    </CopyFileToFolders>
    <CopyFileToFolders Include="task\test_coord\application.json">
      <Filter>task\test_coord</Filter>
    </CopyFileToFolders>
  </ItemGroup>
  <ItemGroup>
    <FxCompile Include="task\test_triangle\pixel_shader.hlsl">
      <Filter>task\test_triangle</Filter>
    </FxCompile>
    <FxCompile Include="task\test_triangle\vertex_shader.hlsl">
      <Filter>task\test_triangle</Filter>
    </FxCompile>
    <FxCompile Include="task\test_line\pixel_shader_axis.hlsl">
      <Filter>task\test_line</Filter>
    </FxCompile>
    <FxCompile Include="task\test_line\vertex_shader.hlsl">
      <Filter>task\test_line</Filter>
    </FxCompile>
    <FxCompile Include="task\test_line\pixel_shader_background.hlsl">
      <Filter>task\test_line</Filter>
    </FxCompile>
    <FxCompile Include="task\test_line\pixel_shader_sphere.hlsl">
      <Filter>task\test_line</Filter>
    </FxCompile>
    <FxCompile Include="task\test_line\pixel_shader_grid.hlsl">
      <Filter>task\test_line</Filter>
    </FxCompile>
    <FxCompile Include="task\multi_line\pixel_shader_background.hlsl">
      <Filter>task\multi_line</Filter>
    </FxCompile>
    <FxCompile Include="task\multi_line\pixel_shader_grid.hlsl">
      <Filter>task\multi_line</Filter>
    </FxCompile>
    <FxCompile Include="task\multi_line\vertex_shader.hlsl">
      <Filter>task\multi_line</Filter>
    </FxCompile>
    <FxCompile Include="task\multi_line\multi_line_pixel.hlsl">
      <Filter>task\multi_line</Filter>
    </FxCompile>
    <FxCompile Include="task\multi_line\multi_line_vertex.hlsl">
      <Filter>task\multi_line</Filter>
    </FxCompile>
    <FxCompile Include="task\test_compute\compute_shader.hlsl">
      <Filter>task\test_compute</Filter>
    </FxCompile>
    <FxCompile Include="task\test_compute\present_pixel.hlsl">
      <Filter>task\test_compute</Filter>
    </FxCompile>
    <FxCompile Include="task\test_compute\present_vertex.hlsl">
      <Filter>task\test_compute</Filter>
    </FxCompile>
    <FxCompile Include="task\multi_line_compute\multi_line_compute.hlsl">
      <Filter>task\multi_line_compute</Filter>
    </FxCompile>
    <FxCompile Include="task\multi_line_compute\multi_line_pixel.hlsl">
      <Filter>task\multi_line_compute</Filter>
    </FxCompile>
    <FxCompile Include="task\multi_line_compute\multi_line_vertex.hlsl">
      <Filter>task\multi_line_compute</Filter>
    </FxCompile>
    <FxCompile Include="shader\screen_quad_pixel_background.hlsl">
      <Filter>shader</Filter>
    </FxCompile>
    <FxCompile Include="shader\screen_quad_pixel_camera_ray.hlsl">
      <Filter>shader</Filter>
    </FxCompile>
    <FxCompile Include="shader\screen_quad_pixel_grid.hlsl">
      <Filter>shader</Filter>
    </FxCompile>
    <FxCompile Include="shader\screen_quad_vertex.hlsl">
      <Filter>shader</Filter>
    </FxCompile>
    <FxCompile Include="task\test_text\text_pixel.hlsl">
      <Filter>task\test_text</Filter>
    </FxCompile>
    <FxCompile Include="task\test_text\text_vertex.hlsl">
      <Filter>task\test_text</Filter>
    </FxCompile>
    <FxCompile Include="task\test_text\background_pixel.hlsl">
      <Filter>task\test_text</Filter>
    </FxCompile>
    <FxCompile Include="shader\text_pixel.hlsl">
      <Filter>shader</Filter>
    </FxCompile>
    <FxCompile Include="shader\text_vertex.hlsl">
      <Filter>shader</Filter>
    </FxCompile>
    <FxCompile Include="shader\ui_block_pixel.hlsl">
      <Filter>shader</Filter>
    </FxCompile>
    <FxCompile Include="shader\ui_block_vertex.hlsl">
      <Filter>shader</Filter>
    </FxCompile>
    <FxCompile Include="task\test_coord\triangle_pixel.hlsl">
      <Filter>task\test_coord</Filter>
    </FxCompile>
    <FxCompile Include="task\test_coord\triangle_vertex.hlsl">
      <Filter>task\test_coord</Filter>
    </FxCompile>
    <FxCompile Include="task\test_coord\present_pixel.hlsl">
      <Filter>task\test_coord</Filter>
    </FxCompile>
    <FxCompile Include="task\test_coord\present_vertex.hlsl">
      <Filter>task\test_coord</Filter>
    </FxCompile>
  </ItemGroup>
</Project>