<?xml version="1.0" encoding="utf-8"?>
<Project ToolsVersion="4.0" xmlns="http://schemas.microsoft.com/developer/msbuild/2003">
  <ItemGroup>
    <Filter Include="props">
      <UniqueIdentifier>{b8495a78-76c3-4960-9723-1c9713c1c4b9}</UniqueIdentifier>
    </Filter>
    <Filter Include="resources">
      <UniqueIdentifier>{a217fd68-01c9-41ae-8acd-36897b45e594}</UniqueIdentifier>
    </Filter>
    <Filter Include="script">
      <UniqueIdentifier>{251025ba-0929-4245-84c8-de481526a6b5}</UniqueIdentifier>
    </Filter>
    <Filter Include="source">
      <UniqueIdentifier>{e51b3a04-7e10-40dc-8f83-928a5c99f307}</UniqueIdentifier>
    </Filter>
    <Filter Include="task">
      <UniqueIdentifier>{6bd0fbb0-d0c0-4368-ba39-02b3f630d11a}</UniqueIdentifier>
    </Filter>
    <Filter Include="task\empty">
      <UniqueIdentifier>{8bb9a223-423f-43ba-a030-ccd65706e6ec}</UniqueIdentifier>
    </Filter>
    <Filter Include="source\window_application">
      <UniqueIdentifier>{f75a4d2e-bc3e-4077-8d98-645bdfb98b59}</UniqueIdentifier>
    </Filter>
    <Filter Include="task\test_triangle">
      <UniqueIdentifier>{69427d29-458e-43c8-959d-57464f197fb8}</UniqueIdentifier>
    </Filter>
    <Filter Include="task\test_line">
      <UniqueIdentifier>{2f7311bd-8b95-4e8c-9d01-f2f48f5ac3bd}</UniqueIdentifier>
    </Filter>
  </ItemGroup>
  <ItemGroup>
    <None Include="Script\util_make_host_define.cmd">
      <Filter>script</Filter>
    </None>
    <None Include="Script\util_make_resource.cmd">
      <Filter>script</Filter>
    </None>
    <None Include="Script\util_search_replace.cmd">
      <Filter>script</Filter>
    </None>
    <None Include="Script\prebuild.cmd">
      <Filter>script</Filter>
    </None>
    <None Include="Script\replace_if_different.ps1">
      <Filter>script</Filter>
    </None>
    <None Include="props\application.props">
      <Filter>props</Filter>
    </None>
    <None Include="resources\application.rc.template">
      <Filter>resources</Filter>
    </None>
    <None Include=".gitignore" />
  </ItemGroup>
  <ItemGroup>
    <ClCompile Include="Source\Build.cpp">
      <Filter>source</Filter>
    </ClCompile>
    <ClCompile Include="Source\Main.cpp">
      <Filter>source</Filter>
    </ClCompile>
    <ClCompile Include="source\application_pch.cpp">
      <Filter>source</Filter>
    </ClCompile>
    <ClCompile Include="source\window_application\application_test_line.cpp">
      <Filter>source\window_application</Filter>
    </ClCompile>
    <ClCompile Include="source\window_application\application_test_triangle.cpp">
      <Filter>source\window_application</Filter>
    </ClCompile>
  </ItemGroup>
  <ItemGroup>
    <ClInclude Include="Source\Build.h">
      <Filter>source</Filter>
    </ClInclude>
    <ClInclude Include="Resources\resource.h">
      <Filter>resources</Filter>
    </ClInclude>
    <ClInclude Include="source\application_pch.h">
      <Filter>source</Filter>
    </ClInclude>
    <ClInclude Include="source\host_define.h">
      <Filter>source</Filter>
    </ClInclude>
    <ClInclude Include="source\window_application\application_test_line.h">
      <Filter>source\window_application</Filter>
    </ClInclude>
    <ClInclude Include="source\window_application\application_test_triangle.h">
      <Filter>source\window_application</Filter>
    </ClInclude>
  </ItemGroup>
  <ItemGroup>
    <Image Include="Resources\cut.ico">
      <Filter>resources</Filter>
    </Image>
  </ItemGroup>
  <ItemGroup>
    <ResourceCompile Include="resources\application.rc">
      <Filter>resources</Filter>
    </ResourceCompile>
  </ItemGroup>
  <ItemGroup>
    <CopyFileToFolders Include="task\empty\application.json">
      <Filter>task\empty</Filter>
    </CopyFileToFolders>
    <CopyFileToFolders Include="task\test_triangle\application.json">
      <Filter>task\test_triangle</Filter>
    </CopyFileToFolders>
    <CopyFileToFolders Include="task\test_line\application.json">
      <Filter>task\test_line</Filter>
    </CopyFileToFolders>
  </ItemGroup>
  <ItemGroup>
    <FxCompile Include="task\test_triangle\pixel_shader.hlsl">
      <Filter>task\test_triangle</Filter>
    </FxCompile>
    <FxCompile Include="task\test_triangle\vertex_shader.hlsl">
      <Filter>task\test_triangle</Filter>
    </FxCompile>
    <FxCompile Include="task\test_line\pixel_shader.hlsl">
      <Filter>task\test_line</Filter>
    </FxCompile>
    <FxCompile Include="task\test_line\vertex_shader.hlsl">
      <Filter>task\test_line</Filter>
    </FxCompile>
  </ItemGroup>
</Project>